
Microsoft Visual Studio Solution File, Format Version 12.00
# Visual Studio 15
Project("{FAE04EC0-301F-11D3-BF4B-00C04F79EFBC}") = "Assembly-CSharp", "Assembly-CSharp.csproj", "{7E9968E8-F45D-6673-A294-AF9CA2C4480E}"
EndProject
Project("{FAE04EC0-301F-11D3-BF4B-00C04F79EFBC}") = "Assembly-CSharp-Editor", "Assembly-CSharp-Editor.csproj", "{18D251B5-0D69-DFCF-5A1D-98B84E2A7250}"
EndProject
Global
	GlobalSection(SolutionConfigurationPlatforms) = preSolution
		Debug|Any CPU = Debug|Any CPU
		Release|Any CPU = Release|Any CPU
	EndGlobalSection
	GlobalSection(ProjectConfigurationPlatforms) = postSolution
		{7E9968E8-F45D-6673-A294-AF9CA2C4480E}.Debug|Any CPU.ActiveCfg = Debug|Any CPU
		{7E9968E8-F45D-6673-A294-AF9CA2C4480E}.Debug|Any CPU.Build.0 = Debug|Any CPU
		{7E9968E8-F45D-6673-A294-AF9CA2C4480E}.Release|Any CPU.ActiveCfg = Release|Any CPU
		{7E9968E8-F45D-6673-A294-AF9CA2C4480E}.Release|Any CPU.Build.0 = Release|Any CPU
		{18D251B5-0D69-DFCF-5A1D-98B84E2A7250}.Debug|Any CPU.ActiveCfg = Debug|Any CPU
		{18D251B5-0D69-DFCF-5A1D-98B84E2A7250}.Debug|Any CPU.Build.0 = Debug|Any CPU
		{18D251B5-0D69-DFCF-5A1D-98B84E2A7250}.Release|Any CPU.ActiveCfg = Release|Any CPU
		{18D251B5-0D69-DFCF-5A1D-98B84E2A7250}.Release|Any CPU.Build.0 = Release|Any CPU
	EndGlobalSection
	GlobalSection(SolutionProperties) = preSolution
		HideSolutionNode = FALSE
	EndGlobalSection
EndGlobal
